
Microsoft Visual Studio Solution File, Format Version 12.00
# Visual Studio Version 17
VisualStudioVersion = 17.12.35527.113
MinimumVisualStudioVersion = 10.0.40219.1
Project("{FAE04EC0-301F-11D3-BF4B-00C04F79EFBC}") = "SkillTest.API", "SkillTest.People.API\SkillTest.API.csproj", "{17B7A48E-B708-4252-99CA-FFE2D53D1BFD}"
EndProject
Project("{FAE04EC0-301F-11D3-BF4B-00C04F79EFBC}") = "SkillTest.Core", "SkillTest.Core\SkillTest.Core.csproj", "{74A08A88-A849-43CC-A96A-982603C8E4FE}"
EndProject
Project("{FAE04EC0-301F-11D3-BF4B-00C04F79EFBC}") = "SkillTest.Infra", "SkillTest.Infra\SkillTest.Infra.csproj", "{27AA8925-EEB8-47FE-9224-5CB34004E3E4}"
EndProject
Project("{2150E333-8FDC-42A3-9474-1A3956D46DE8}") = "UI", "UI", "{9DC3A3C0-8E0B-4CDE-BE80-4437A057C348}"
EndProject
Project("{2150E333-8FDC-42A3-9474-1A3956D46DE8}") = "API", "API", "{88E3C1A2-63AF-4B54-AA72-051CEF44087F}"
EndProject
Project("{FAE04EC0-301F-11D3-BF4B-00C04F79EFBC}") = "SkillTest.UI", "SkillTest.UI\SkillTest.UI.csproj", "{CA810AD1-A120-4A54-A465-DE6174AEE193}"
EndProject
Project("{2150E333-8FDC-42A3-9474-1A3956D46DE8}") = "API.Tests", "API.Tests", "{2B466D54-822D-48D3-A200-7E623328AFB5}"
EndProject
Project("{FAE04EC0-301F-11D3-BF4B-00C04F79EFBC}") = "SkillTest.Core.Tests", "SkillTest.Core.Tests\SkillTest.Core.Tests.csproj", "{FFF69C70-883C-4D9F-87B8-6768FC8604A8}"
EndProject
Global
	GlobalSection(SolutionConfigurationPlatforms) = preSolution
		Debug|Any CPU = Debug|Any CPU
		Release|Any CPU = Release|Any CPU
	EndGlobalSection
	GlobalSection(ProjectConfigurationPlatforms) = postSolution
		{17B7A48E-B708-4252-99CA-FFE2D53D1BFD}.Debug|Any CPU.ActiveCfg = Debug|Any CPU
		{17B7A48E-B708-4252-99CA-FFE2D53D1BFD}.Debug|Any CPU.Build.0 = Debug|Any CPU
		{17B7A48E-B708-4252-99CA-FFE2D53D1BFD}.Release|Any CPU.ActiveCfg = Release|Any CPU
		{17B7A48E-B708-4252-99CA-FFE2D53D1BFD}.Release|Any CPU.Build.0 = Release|Any CPU
		{74A08A88-A849-43CC-A96A-982603C8E4FE}.Debug|Any CPU.ActiveCfg = Debug|Any CPU
		{74A08A88-A849-43CC-A96A-982603C8E4FE}.Debug|Any CPU.Build.0 = Debug|Any CPU
		{74A08A88-A849-43CC-A96A-982603C8E4FE}.Release|Any CPU.ActiveCfg = Release|Any CPU
		{74A08A88-A849-43CC-A96A-982603C8E4FE}.Release|Any CPU.Build.0 = Release|Any CPU
		{27AA8925-EEB8-47FE-9224-5CB34004E3E4}.Debug|Any CPU.ActiveCfg = Debug|Any CPU
		{27AA8925-EEB8-47FE-9224-5CB34004E3E4}.Debug|Any CPU.Build.0 = Debug|Any CPU
		{27AA8925-EEB8-47FE-9224-5CB34004E3E4}.Release|Any CPU.ActiveCfg = Release|Any CPU
		{27AA8925-EEB8-47FE-9224-5CB34004E3E4}.Release|Any CPU.Build.0 = Release|Any CPU
		{CA810AD1-A120-4A54-A465-DE6174AEE193}.Debug|Any CPU.ActiveCfg = Debug|Any CPU
		{CA810AD1-A120-4A54-A465-DE6174AEE193}.Debug|Any CPU.Build.0 = Debug|Any CPU
		{CA810AD1-A120-4A54-A465-DE6174AEE193}.Release|Any CPU.ActiveCfg = Release|Any CPU
		{CA810AD1-A120-4A54-A465-DE6174AEE193}.Release|Any CPU.Build.0 = Release|Any CPU
		{FFF69C70-883C-4D9F-87B8-6768FC8604A8}.Debug|Any CPU.ActiveCfg = Debug|Any CPU
		{FFF69C70-883C-4D9F-87B8-6768FC8604A8}.Debug|Any CPU.Build.0 = Debug|Any CPU
		{FFF69C70-883C-4D9F-87B8-6768FC8604A8}.Release|Any CPU.ActiveCfg = Release|Any CPU
		{FFF69C70-883C-4D9F-87B8-6768FC8604A8}.Release|Any CPU.Build.0 = Release|Any CPU
	EndGlobalSection
	GlobalSection(SolutionProperties) = preSolution
		HideSolutionNode = FALSE
	EndGlobalSection
	GlobalSection(NestedProjects) = preSolution
		{17B7A48E-B708-4252-99CA-FFE2D53D1BFD} = {88E3C1A2-63AF-4B54-AA72-051CEF44087F}
		{74A08A88-A849-43CC-A96A-982603C8E4FE} = {88E3C1A2-63AF-4B54-AA72-051CEF44087F}
		{27AA8925-EEB8-47FE-9224-5CB34004E3E4} = {88E3C1A2-63AF-4B54-AA72-051CEF44087F}
		{CA810AD1-A120-4A54-A465-DE6174AEE193} = {9DC3A3C0-8E0B-4CDE-BE80-4437A057C348}
		{FFF69C70-883C-4D9F-87B8-6768FC8604A8} = {2B466D54-822D-48D3-A200-7E623328AFB5}
	EndGlobalSection
EndGlobal
